
Microsoft Visual Studio Solution File, Format Version 12.00
# Visual Studio Version 16
VisualStudioVersion = 16.0.32002.261
MinimumVisualStudioVersion = 10.0.40219.1
Project("{9A19103F-16F7-4668-BE54-9A1E7A4F7556}") = "DevFreela.API", "DevFreela.API\DevFreela.API.csproj", "{C7A20D6A-78F0-491F-8DE0-E63E30CAA300}"
EndProject
Project("{FAE04EC0-301F-11D3-BF4B-00C04F79EFBC}") = "DevFreela.Core", "DevFreela.Core\DevFreela.Core.csproj", "{A31C6474-436D-4867-86AC-337268BE0B49}"
EndProject
Global
	GlobalSection(SolutionConfigurationPlatforms) = preSolution
		Debug|Any CPU = Debug|Any CPU
		Release|Any CPU = Release|Any CPU
	EndGlobalSection
	GlobalSection(ProjectConfigurationPlatforms) = postSolution
		{C7A20D6A-78F0-491F-8DE0-E63E30CAA300}.Debug|Any CPU.ActiveCfg = Debug|Any CPU
		{C7A20D6A-78F0-491F-8DE0-E63E30CAA300}.Debug|Any CPU.Build.0 = Debug|Any CPU
		{C7A20D6A-78F0-491F-8DE0-E63E30CAA300}.Release|Any CPU.ActiveCfg = Release|Any CPU
		{C7A20D6A-78F0-491F-8DE0-E63E30CAA300}.Release|Any CPU.Build.0 = Release|Any CPU
		{A31C6474-436D-4867-86AC-337268BE0B49}.Debug|Any CPU.ActiveCfg = Debug|Any CPU
		{A31C6474-436D-4867-86AC-337268BE0B49}.Debug|Any CPU.Build.0 = Debug|Any CPU
		{A31C6474-436D-4867-86AC-337268BE0B49}.Release|Any CPU.ActiveCfg = Release|Any CPU
		{A31C6474-436D-4867-86AC-337268BE0B49}.Release|Any CPU.Build.0 = Release|Any CPU
	EndGlobalSection
	GlobalSection(SolutionProperties) = preSolution
		HideSolutionNode = FALSE
	EndGlobalSection
	GlobalSection(ExtensibilityGlobals) = postSolution
		SolutionGuid = {8596C3CC-8076-4771-B1B4-78B672181E5D}
	EndGlobalSection
EndGlobal
